
Microsoft Visual Studio Solution File, Format Version 12.00
Project("{FAE04EC0-301F-11D3-BF4B-00C04F79EFBC}") = "AdventOfCode", "AdventOfCode\AdventOfCode.csproj", "{28209C66-D949-45C1-80B5-158ED48BDCCC}"
EndProject
Project("{FAE04EC0-301F-11D3-BF4B-00C04F79EFBC}") = "AdventOfCodeTests", "AdventOfCodeTests\AdventOfCodeTests.csproj", "{AA1D83B9-9578-4FA0-9DA0-B73A1F297780}"
EndProject
Project("{FAE04EC0-301F-11D3-BF4B-00C04F79EFBC}") = "Day02", "Day02\Day02.csproj", "{56A69513-895D-40D9-A2FB-FA5C78FBAA41}"
EndProject
Project("{FAE04EC0-301F-11D3-BF4B-00C04F79EFBC}") = "Day02Tests", "Day02Tests\Day02Tests.csproj", "{6CD7ABE2-B91A-44E2-81C0-302B0B2584A4}"
EndProject
Project("{FAE04EC0-301F-11D3-BF4B-00C04F79EFBC}") = "Day03", "Day03\Day03.csproj", "{19851887-6602-4296-B530-32817BA2D3A1}"
EndProject
Project("{FAE04EC0-301F-11D3-BF4B-00C04F79EFBC}") = "Day03Tests", "Day03Tests\Day03Tests.csproj", "{3393E728-B9A2-4BFD-A060-B7C4EC316758}"
EndProject
Project("{FAE04EC0-301F-11D3-BF4B-00C04F79EFBC}") = "Utils", "Utils\Utils.csproj", "{57490663-822D-4F43-A449-28B9F0D828A6}"
EndProject
Project("{FAE04EC0-301F-11D3-BF4B-00C04F79EFBC}") = "Day04", "Day04\Day04.csproj", "{B398C9A4-A14D-4629-AD09-8123224FD92A}"
EndProject
Project("{FAE04EC0-301F-11D3-BF4B-00C04F79EFBC}") = "Day04Tests", "Day04Tests\Day04Tests.csproj", "{D537FEC7-66FF-49A6-AD01-E2995630CC9D}"
EndProject
Global
	GlobalSection(SolutionConfigurationPlatforms) = preSolution
		Debug|Any CPU = Debug|Any CPU
		Release|Any CPU = Release|Any CPU
	EndGlobalSection
	GlobalSection(ProjectConfigurationPlatforms) = postSolution
		{28209C66-D949-45C1-80B5-158ED48BDCCC}.Debug|Any CPU.ActiveCfg = Debug|Any CPU
		{28209C66-D949-45C1-80B5-158ED48BDCCC}.Debug|Any CPU.Build.0 = Debug|Any CPU
		{28209C66-D949-45C1-80B5-158ED48BDCCC}.Release|Any CPU.ActiveCfg = Release|Any CPU
		{28209C66-D949-45C1-80B5-158ED48BDCCC}.Release|Any CPU.Build.0 = Release|Any CPU
		{AA1D83B9-9578-4FA0-9DA0-B73A1F297780}.Debug|Any CPU.ActiveCfg = Debug|Any CPU
		{AA1D83B9-9578-4FA0-9DA0-B73A1F297780}.Debug|Any CPU.Build.0 = Debug|Any CPU
		{AA1D83B9-9578-4FA0-9DA0-B73A1F297780}.Release|Any CPU.ActiveCfg = Release|Any CPU
		{AA1D83B9-9578-4FA0-9DA0-B73A1F297780}.Release|Any CPU.Build.0 = Release|Any CPU
		{56A69513-895D-40D9-A2FB-FA5C78FBAA41}.Debug|Any CPU.ActiveCfg = Debug|Any CPU
		{56A69513-895D-40D9-A2FB-FA5C78FBAA41}.Debug|Any CPU.Build.0 = Debug|Any CPU
		{56A69513-895D-40D9-A2FB-FA5C78FBAA41}.Release|Any CPU.ActiveCfg = Release|Any CPU
		{56A69513-895D-40D9-A2FB-FA5C78FBAA41}.Release|Any CPU.Build.0 = Release|Any CPU
		{6CD7ABE2-B91A-44E2-81C0-302B0B2584A4}.Debug|Any CPU.ActiveCfg = Debug|Any CPU
		{6CD7ABE2-B91A-44E2-81C0-302B0B2584A4}.Debug|Any CPU.Build.0 = Debug|Any CPU
		{6CD7ABE2-B91A-44E2-81C0-302B0B2584A4}.Release|Any CPU.ActiveCfg = Release|Any CPU
		{6CD7ABE2-B91A-44E2-81C0-302B0B2584A4}.Release|Any CPU.Build.0 = Release|Any CPU
		{19851887-6602-4296-B530-32817BA2D3A1}.Debug|Any CPU.ActiveCfg = Debug|Any CPU
		{19851887-6602-4296-B530-32817BA2D3A1}.Debug|Any CPU.Build.0 = Debug|Any CPU
		{19851887-6602-4296-B530-32817BA2D3A1}.Release|Any CPU.ActiveCfg = Release|Any CPU
		{19851887-6602-4296-B530-32817BA2D3A1}.Release|Any CPU.Build.0 = Release|Any CPU
		{3393E728-B9A2-4BFD-A060-B7C4EC316758}.Debug|Any CPU.ActiveCfg = Debug|Any CPU
		{3393E728-B9A2-4BFD-A060-B7C4EC316758}.Debug|Any CPU.Build.0 = Debug|Any CPU
		{3393E728-B9A2-4BFD-A060-B7C4EC316758}.Release|Any CPU.ActiveCfg = Release|Any CPU
		{3393E728-B9A2-4BFD-A060-B7C4EC316758}.Release|Any CPU.Build.0 = Release|Any CPU
		{57490663-822D-4F43-A449-28B9F0D828A6}.Debug|Any CPU.ActiveCfg = Debug|Any CPU
		{57490663-822D-4F43-A449-28B9F0D828A6}.Debug|Any CPU.Build.0 = Debug|Any CPU
		{57490663-822D-4F43-A449-28B9F0D828A6}.Release|Any CPU.ActiveCfg = Release|Any CPU
		{57490663-822D-4F43-A449-28B9F0D828A6}.Release|Any CPU.Build.0 = Release|Any CPU
		{B398C9A4-A14D-4629-AD09-8123224FD92A}.Debug|Any CPU.ActiveCfg = Debug|Any CPU
		{B398C9A4-A14D-4629-AD09-8123224FD92A}.Debug|Any CPU.Build.0 = Debug|Any CPU
		{B398C9A4-A14D-4629-AD09-8123224FD92A}.Release|Any CPU.ActiveCfg = Release|Any CPU
		{B398C9A4-A14D-4629-AD09-8123224FD92A}.Release|Any CPU.Build.0 = Release|Any CPU
		{D537FEC7-66FF-49A6-AD01-E2995630CC9D}.Debug|Any CPU.ActiveCfg = Debug|Any CPU
		{D537FEC7-66FF-49A6-AD01-E2995630CC9D}.Debug|Any CPU.Build.0 = Debug|Any CPU
		{D537FEC7-66FF-49A6-AD01-E2995630CC9D}.Release|Any CPU.ActiveCfg = Release|Any CPU
		{D537FEC7-66FF-49A6-AD01-E2995630CC9D}.Release|Any CPU.Build.0 = Release|Any CPU
	EndGlobalSection
EndGlobal
