
Microsoft Visual Studio Solution File, Format Version 12.00
Project("{FAE04EC0-301F-11D3-BF4B-00C04F79EFBC}") = "AdventOfCode", "AdventOfCode\AdventOfCode.csproj", "{28209C66-D949-45C1-80B5-158ED48BDCCC}"
EndProject
Project("{FAE04EC0-301F-11D3-BF4B-00C04F79EFBC}") = "AdventOfCodeTests", "AdventOfCodeTests\AdventOfCodeTests.csproj", "{AA1D83B9-9578-4FA0-9DA0-B73A1F297780}"
EndProject
Project("{FAE04EC0-301F-11D3-BF4B-00C04F79EFBC}") = "Day02", "Day02\Day02.csproj", "{56A69513-895D-40D9-A2FB-FA5C78FBAA41}"
EndProject
Project("{FAE04EC0-301F-11D3-BF4B-00C04F79EFBC}") = "Day02Tests", "Day02Tests\Day02Tests.csproj", "{6CD7ABE2-B91A-44E2-81C0-302B0B2584A4}"
EndProject
Project("{FAE04EC0-301F-11D3-BF4B-00C04F79EFBC}") = "Day03", "Day03\Day03.csproj", "{19851887-6602-4296-B530-32817BA2D3A1}"
EndProject
Project("{FAE04EC0-301F-11D3-BF4B-00C04F79EFBC}") = "Day03Tests", "Day03Tests\Day03Tests.csproj", "{3393E728-B9A2-4BFD-A060-B7C4EC316758}"
EndProject
Project("{FAE04EC0-301F-11D3-BF4B-00C04F79EFBC}") = "Utils", "Utils\Utils.csproj", "{57490663-822D-4F43-A449-28B9F0D828A6}"
EndProject
Project("{FAE04EC0-301F-11D3-BF4B-00C04F79EFBC}") = "Day04", "Day04\Day04.csproj", "{B398C9A4-A14D-4629-AD09-8123224FD92A}"
EndProject
Project("{FAE04EC0-301F-11D3-BF4B-00C04F79EFBC}") = "Day04Tests", "Day04Tests\Day04Tests.csproj", "{D537FEC7-66FF-49A6-AD01-E2995630CC9D}"
EndProject
Project("{FAE04EC0-301F-11D3-BF4B-00C04F79EFBC}") = "Day05", "Day05\Day05.csproj", "{F8A11977-0E76-492B-A0F9-2BF6F1F6B547}"
EndProject
Project("{FAE04EC0-301F-11D3-BF4B-00C04F79EFBC}") = "Day05Tests", "Day05Tests\Day05Tests.csproj", "{4A799391-8606-4DD6-8CAC-3F47E3016183}"
EndProject
Project("{FAE04EC0-301F-11D3-BF4B-00C04F79EFBC}") = "Day06", "Day06\Day06.csproj", "{ABFE9783-B5D4-4F6E-975D-121A42548D8F}"
EndProject
Project("{FAE04EC0-301F-11D3-BF4B-00C04F79EFBC}") = "Day06Tests", "Day06Tests\Day06Tests.csproj", "{CB5486D7-72F6-41D0-B816-E5954929F27A}"
EndProject
Project("{FAE04EC0-301F-11D3-BF4B-00C04F79EFBC}") = "Day07", "Day07\Day07.csproj", "{138275E5-ADBA-41E2-A351-BF5AB51B2C82}"
EndProject
Project("{FAE04EC0-301F-11D3-BF4B-00C04F79EFBC}") = "Day07Tests", "Day07Tests\Day07Tests.csproj", "{F003C47A-7717-4BED-B087-AEDDD12F02B8}"
EndProject
Project("{FAE04EC0-301F-11D3-BF4B-00C04F79EFBC}") = "Day08", "Day08\Day08.csproj", "{3A3DDC0F-1974-4903-A74B-A2B9C4D4C9C9}"
EndProject
Project("{FAE04EC0-301F-11D3-BF4B-00C04F79EFBC}") = "Day08Tests", "Day08Tests\Day08Tests.csproj", "{3A0110D7-4E28-4F87-A206-8B040B4D4441}"
EndProject
Project("{FAE04EC0-301F-11D3-BF4B-00C04F79EFBC}") = "Day09", "Day09\Day09.csproj", "{4E975292-45BE-4D50-A365-D62F2C15E007}"
EndProject
Project("{FAE04EC0-301F-11D3-BF4B-00C04F79EFBC}") = "Day09Tests", "Day09Tests\Day09Tests.csproj", "{5E77833F-E687-4D46-8615-9E4FF7F2667D}"
EndProject
Global
	GlobalSection(SolutionConfigurationPlatforms) = preSolution
		Debug|Any CPU = Debug|Any CPU
		Release|Any CPU = Release|Any CPU
	EndGlobalSection
	GlobalSection(ProjectConfigurationPlatforms) = postSolution
		{28209C66-D949-45C1-80B5-158ED48BDCCC}.Debug|Any CPU.ActiveCfg = Debug|Any CPU
		{28209C66-D949-45C1-80B5-158ED48BDCCC}.Debug|Any CPU.Build.0 = Debug|Any CPU
		{28209C66-D949-45C1-80B5-158ED48BDCCC}.Release|Any CPU.ActiveCfg = Release|Any CPU
		{28209C66-D949-45C1-80B5-158ED48BDCCC}.Release|Any CPU.Build.0 = Release|Any CPU
		{AA1D83B9-9578-4FA0-9DA0-B73A1F297780}.Debug|Any CPU.ActiveCfg = Debug|Any CPU
		{AA1D83B9-9578-4FA0-9DA0-B73A1F297780}.Debug|Any CPU.Build.0 = Debug|Any CPU
		{AA1D83B9-9578-4FA0-9DA0-B73A1F297780}.Release|Any CPU.ActiveCfg = Release|Any CPU
		{AA1D83B9-9578-4FA0-9DA0-B73A1F297780}.Release|Any CPU.Build.0 = Release|Any CPU
		{56A69513-895D-40D9-A2FB-FA5C78FBAA41}.Debug|Any CPU.ActiveCfg = Debug|Any CPU
		{56A69513-895D-40D9-A2FB-FA5C78FBAA41}.Debug|Any CPU.Build.0 = Debug|Any CPU
		{56A69513-895D-40D9-A2FB-FA5C78FBAA41}.Release|Any CPU.ActiveCfg = Release|Any CPU
		{56A69513-895D-40D9-A2FB-FA5C78FBAA41}.Release|Any CPU.Build.0 = Release|Any CPU
		{6CD7ABE2-B91A-44E2-81C0-302B0B2584A4}.Debug|Any CPU.ActiveCfg = Debug|Any CPU
		{6CD7ABE2-B91A-44E2-81C0-302B0B2584A4}.Debug|Any CPU.Build.0 = Debug|Any CPU
		{6CD7ABE2-B91A-44E2-81C0-302B0B2584A4}.Release|Any CPU.ActiveCfg = Release|Any CPU
		{6CD7ABE2-B91A-44E2-81C0-302B0B2584A4}.Release|Any CPU.Build.0 = Release|Any CPU
		{19851887-6602-4296-B530-32817BA2D3A1}.Debug|Any CPU.ActiveCfg = Debug|Any CPU
		{19851887-6602-4296-B530-32817BA2D3A1}.Debug|Any CPU.Build.0 = Debug|Any CPU
		{19851887-6602-4296-B530-32817BA2D3A1}.Release|Any CPU.ActiveCfg = Release|Any CPU
		{19851887-6602-4296-B530-32817BA2D3A1}.Release|Any CPU.Build.0 = Release|Any CPU
		{3393E728-B9A2-4BFD-A060-B7C4EC316758}.Debug|Any CPU.ActiveCfg = Debug|Any CPU
		{3393E728-B9A2-4BFD-A060-B7C4EC316758}.Debug|Any CPU.Build.0 = Debug|Any CPU
		{3393E728-B9A2-4BFD-A060-B7C4EC316758}.Release|Any CPU.ActiveCfg = Release|Any CPU
		{3393E728-B9A2-4BFD-A060-B7C4EC316758}.Release|Any CPU.Build.0 = Release|Any CPU
		{57490663-822D-4F43-A449-28B9F0D828A6}.Debug|Any CPU.ActiveCfg = Debug|Any CPU
		{57490663-822D-4F43-A449-28B9F0D828A6}.Debug|Any CPU.Build.0 = Debug|Any CPU
		{57490663-822D-4F43-A449-28B9F0D828A6}.Release|Any CPU.ActiveCfg = Release|Any CPU
		{57490663-822D-4F43-A449-28B9F0D828A6}.Release|Any CPU.Build.0 = Release|Any CPU
		{B398C9A4-A14D-4629-AD09-8123224FD92A}.Debug|Any CPU.ActiveCfg = Debug|Any CPU
		{B398C9A4-A14D-4629-AD09-8123224FD92A}.Debug|Any CPU.Build.0 = Debug|Any CPU
		{B398C9A4-A14D-4629-AD09-8123224FD92A}.Release|Any CPU.ActiveCfg = Release|Any CPU
		{B398C9A4-A14D-4629-AD09-8123224FD92A}.Release|Any CPU.Build.0 = Release|Any CPU
		{D537FEC7-66FF-49A6-AD01-E2995630CC9D}.Debug|Any CPU.ActiveCfg = Debug|Any CPU
		{D537FEC7-66FF-49A6-AD01-E2995630CC9D}.Debug|Any CPU.Build.0 = Debug|Any CPU
		{D537FEC7-66FF-49A6-AD01-E2995630CC9D}.Release|Any CPU.ActiveCfg = Release|Any CPU
		{D537FEC7-66FF-49A6-AD01-E2995630CC9D}.Release|Any CPU.Build.0 = Release|Any CPU
		{F8A11977-0E76-492B-A0F9-2BF6F1F6B547}.Debug|Any CPU.ActiveCfg = Debug|Any CPU
		{F8A11977-0E76-492B-A0F9-2BF6F1F6B547}.Debug|Any CPU.Build.0 = Debug|Any CPU
		{F8A11977-0E76-492B-A0F9-2BF6F1F6B547}.Release|Any CPU.ActiveCfg = Release|Any CPU
		{F8A11977-0E76-492B-A0F9-2BF6F1F6B547}.Release|Any CPU.Build.0 = Release|Any CPU
		{4A799391-8606-4DD6-8CAC-3F47E3016183}.Debug|Any CPU.ActiveCfg = Debug|Any CPU
		{4A799391-8606-4DD6-8CAC-3F47E3016183}.Debug|Any CPU.Build.0 = Debug|Any CPU
		{4A799391-8606-4DD6-8CAC-3F47E3016183}.Release|Any CPU.ActiveCfg = Release|Any CPU
		{4A799391-8606-4DD6-8CAC-3F47E3016183}.Release|Any CPU.Build.0 = Release|Any CPU
		{ABFE9783-B5D4-4F6E-975D-121A42548D8F}.Debug|Any CPU.ActiveCfg = Debug|Any CPU
		{ABFE9783-B5D4-4F6E-975D-121A42548D8F}.Debug|Any CPU.Build.0 = Debug|Any CPU
		{ABFE9783-B5D4-4F6E-975D-121A42548D8F}.Release|Any CPU.ActiveCfg = Release|Any CPU
		{ABFE9783-B5D4-4F6E-975D-121A42548D8F}.Release|Any CPU.Build.0 = Release|Any CPU
		{CB5486D7-72F6-41D0-B816-E5954929F27A}.Debug|Any CPU.ActiveCfg = Debug|Any CPU
		{CB5486D7-72F6-41D0-B816-E5954929F27A}.Debug|Any CPU.Build.0 = Debug|Any CPU
		{CB5486D7-72F6-41D0-B816-E5954929F27A}.Release|Any CPU.ActiveCfg = Release|Any CPU
		{CB5486D7-72F6-41D0-B816-E5954929F27A}.Release|Any CPU.Build.0 = Release|Any CPU
		{138275E5-ADBA-41E2-A351-BF5AB51B2C82}.Debug|Any CPU.ActiveCfg = Debug|Any CPU
		{138275E5-ADBA-41E2-A351-BF5AB51B2C82}.Debug|Any CPU.Build.0 = Debug|Any CPU
		{138275E5-ADBA-41E2-A351-BF5AB51B2C82}.Release|Any CPU.ActiveCfg = Release|Any CPU
		{138275E5-ADBA-41E2-A351-BF5AB51B2C82}.Release|Any CPU.Build.0 = Release|Any CPU
		{F003C47A-7717-4BED-B087-AEDDD12F02B8}.Debug|Any CPU.ActiveCfg = Debug|Any CPU
		{F003C47A-7717-4BED-B087-AEDDD12F02B8}.Debug|Any CPU.Build.0 = Debug|Any CPU
		{F003C47A-7717-4BED-B087-AEDDD12F02B8}.Release|Any CPU.ActiveCfg = Release|Any CPU
		{F003C47A-7717-4BED-B087-AEDDD12F02B8}.Release|Any CPU.Build.0 = Release|Any CPU
		{3A3DDC0F-1974-4903-A74B-A2B9C4D4C9C9}.Debug|Any CPU.ActiveCfg = Debug|Any CPU
		{3A3DDC0F-1974-4903-A74B-A2B9C4D4C9C9}.Debug|Any CPU.Build.0 = Debug|Any CPU
		{3A3DDC0F-1974-4903-A74B-A2B9C4D4C9C9}.Release|Any CPU.ActiveCfg = Release|Any CPU
		{3A3DDC0F-1974-4903-A74B-A2B9C4D4C9C9}.Release|Any CPU.Build.0 = Release|Any CPU
		{3A0110D7-4E28-4F87-A206-8B040B4D4441}.Debug|Any CPU.ActiveCfg = Debug|Any CPU
		{3A0110D7-4E28-4F87-A206-8B040B4D4441}.Debug|Any CPU.Build.0 = Debug|Any CPU
		{3A0110D7-4E28-4F87-A206-8B040B4D4441}.Release|Any CPU.ActiveCfg = Release|Any CPU
		{3A0110D7-4E28-4F87-A206-8B040B4D4441}.Release|Any CPU.Build.0 = Release|Any CPU
		{4E975292-45BE-4D50-A365-D62F2C15E007}.Debug|Any CPU.ActiveCfg = Debug|Any CPU
		{4E975292-45BE-4D50-A365-D62F2C15E007}.Debug|Any CPU.Build.0 = Debug|Any CPU
		{4E975292-45BE-4D50-A365-D62F2C15E007}.Release|Any CPU.ActiveCfg = Release|Any CPU
		{4E975292-45BE-4D50-A365-D62F2C15E007}.Release|Any CPU.Build.0 = Release|Any CPU
		{5E77833F-E687-4D46-8615-9E4FF7F2667D}.Debug|Any CPU.ActiveCfg = Debug|Any CPU
		{5E77833F-E687-4D46-8615-9E4FF7F2667D}.Debug|Any CPU.Build.0 = Debug|Any CPU
		{5E77833F-E687-4D46-8615-9E4FF7F2667D}.Release|Any CPU.ActiveCfg = Release|Any CPU
		{5E77833F-E687-4D46-8615-9E4FF7F2667D}.Release|Any CPU.Build.0 = Release|Any CPU
	EndGlobalSection
EndGlobal
